# This file was auto-generated by uv via the following command:
#    uv lock
# 
# This lock file will be generated during the build process.
# DO NOT EDIT MANUALLY - use 'uv lock' to regenerate.
#
# To regenerate this file:
#   uv lock
#
# To install dependencies:
#   uv sync
#
# This file is intentionally empty as a placeholder.
# The actual lock file will be generated when uv lock is run. 